{
  "version": 4,
  "terraform_version": "1.9.3",
  "serial": 72,
  "lineage": "5694ffdd-32f3-c9cf-01f5-e214a4a45da9",
  "outputs": {
    "cluster_certificate_authority_data": {
      "value": "LS0tLS1CRUdJTiBDRVJUSUZJQ0FURS0tLS0tCk1JSURCVENDQWUyZ0F3SUJBZ0lJWndMTTZTLzhRQ1V3RFFZSktvWklodmNOQVFFTEJRQXdGVEVUTUJFR0ExVUUKQXhNS2EzVmlaWEp1WlhSbGN6QWVGdzB5TkRBNE1EUXhNakE0TkRoYUZ3MHpOREE0TURJeE1qRXpORGhhTUJVeApFekFSQmdOVkJBTVRDbXQxWW1WeWJtVjBaWE13Z2dFaU1BMEdDU3FHU0liM0RRRUJBUVVBQTRJQkR3QXdnZ0VLCkFvSUJBUURtTWM0c3czU0h0cjg0bHg3ZG9qTGVMVlJwV1ZiUHBKWUJ2KzJ0bFc2Umt1VzkwMTRuYjBWYW8rNWkKRnVSdFUyRWI1ZG4vdFVVcHd3T1M0VDBSaEFjb0dQbFNkeVpIUDJjcTcvK0IzUlBReklNaEFoN2Z5TlNGWCtjOQpSMC9WVVJGUWU5dmx1UTZYWTA2YmYvK0pGRzRjd0VnMlFhNmlsWG05bGNRTkEwUzhWSzJ3VCtlNENVelAzakh2CkdtVHB1Wk1LUWNXMnZ6VzBHMTZ2UVlCeXBsdU9lb0czb1d3ckdjUEpDY3JReUpXRkNGQWpYY20wTEFWWGdqSWMKcmFaMzFtTXVzVWtmNi9YdWhDZkhpY2o0OHpXVlk1Unlwd0ZtWm50TzVra0wzeDdlK1Viajhpb1g0eXRxQWsweQphWERiU2R2V2RKR3J0Q01FZ1R1d3Y2dCtwR05YQWdNQkFBR2pXVEJYTUE0R0ExVWREd0VCL3dRRUF3SUNwREFQCkJnTlZIUk1CQWY4RUJUQURBUUgvTUIwR0ExVWREZ1FXQkJTMGVKKzRuVnY0Q0ZObzR6K202NWs0eUZZMjVEQVYKQmdOVkhSRUVEakFNZ2dwcmRXSmxjbTVsZEdWek1BMEdDU3FHU0liM0RRRUJDd1VBQTRJQkFRQWVRMGZ1L3lSdwpKVS9LOENwalVycm0yMzl5ZjhFbldkb25kY0F1THFnZjVwVDl6UGFjckMrUzhNS21oMXpEVlJUaHNWSGxGWVlNClJrZjFsWkhUdE5UbkYvUTgxN2FGUWVrNGpSMy9xWEdkeitnZXVWZldLRXNBMHJvZ004aXZ4U09wYm9IZnlxeXMKZllLZnFXMEF0THFwS0dLbTlMVXZCRmxyZUhSYW4rQVlicWZmakhPWHdHRC95MWhzNDF0eEhjSDczUHMxT0NRNwp2TWtXejVDM2p1WlF3TjFqUFl5NFFNUWEvUnBLTlZ6S2JOY1RZU1lZY1dZdTY1bXFIYnl1UnRHS29mVHpIREZICnVoMDBqWlgzTk5nTFhQSmNoR0JHTHBmRjRLMGlWcEk3RTFKYThzYXpDNkRrSmV3NE1HK0ZkSFpuQWhhSFpYM3gKMWFDN1hCQnhBTGltCi0tLS0tRU5EIENFUlRJRklDQVRFLS0tLS0K",
      "type": "string"
    },
    "cluster_endpoint": {
      "value": "https://D25EB530A1E806CC77E7262DAE1573F5.yl4.us-east-2.eks.amazonaws.com",
      "type": "string"
    },
    "cluster_name": {
      "value": "team2-cluster",
      "type": "string"
    },
    "node_group_role_arn": {
      "value": "arn:aws:iam::637423483309:role/team2-node-role",
      "type": "string"
    }
  },
  "resources": [
    {
      "mode": "managed",
      "type": "aws_eip",
      "name": "team2_eip",
      "provider": "provider[\"registry.terraform.io/hashicorp/aws\"]",
      "instances": [
        {
          "schema_version": 0,
          "attributes": {
            "address": null,
            "allocation_id": "eipalloc-00102f3d8557f3bd9",
            "arn": "arn:aws:ec2:us-east-2:637423483309:elastic-ip/eipalloc-00102f3d8557f3bd9",
            "associate_with_private_ip": null,
            "association_id": "",
            "carrier_ip": "",
            "customer_owned_ip": "",
            "customer_owned_ipv4_pool": "",
            "domain": "vpc",
            "id": "eipalloc-00102f3d8557f3bd9",
            "instance": "",
            "network_border_group": "us-east-2",
            "network_interface": "",
            "private_dns": null,
            "private_ip": "",
            "ptr_record": "",
            "public_dns": "ec2-3-128-174-252.us-east-2.compute.amazonaws.com",
            "public_ip": "3.128.174.252",
            "public_ipv4_pool": "amazon",
            "tags": {
              "Name": "team2-eip"
            },
            "tags_all": {
              "Name": "team2-eip"
            },
            "timeouts": null,
            "vpc": true
          },
          "sensitive_attributes": [],
          "private": "eyJlMmJmYjczMC1lY2FhLTExZTYtOGY4OC0zNDM2M2JjN2M0YzAiOnsiZGVsZXRlIjoxODAwMDAwMDAwMDAsInJlYWQiOjkwMDAwMDAwMDAwMCwidXBkYXRlIjozMDAwMDAwMDAwMDB9fQ=="
        }
      ]
    },
    {
      "mode": "managed",
      "type": "aws_eks_cluster",
      "name": "team2_cluster",
      "provider": "provider[\"registry.terraform.io/hashicorp/aws\"]",
      "instances": [
        {
          "schema_version": 1,
          "attributes": {
            "access_config": [
              {
                "authentication_mode": "CONFIG_MAP",
                "bootstrap_cluster_creator_admin_permissions": true
              }
            ],
            "arn": "arn:aws:eks:us-east-2:637423483309:cluster/team2-cluster",
            "bootstrap_self_managed_addons": true,
            "certificate_authority": [
              {
                "data": "LS0tLS1CRUdJTiBDRVJUSUZJQ0FURS0tLS0tCk1JSURCVENDQWUyZ0F3SUJBZ0lJWndMTTZTLzhRQ1V3RFFZSktvWklodmNOQVFFTEJRQXdGVEVUTUJFR0ExVUUKQXhNS2EzVmlaWEp1WlhSbGN6QWVGdzB5TkRBNE1EUXhNakE0TkRoYUZ3MHpOREE0TURJeE1qRXpORGhhTUJVeApFekFSQmdOVkJBTVRDbXQxWW1WeWJtVjBaWE13Z2dFaU1BMEdDU3FHU0liM0RRRUJBUVVBQTRJQkR3QXdnZ0VLCkFvSUJBUURtTWM0c3czU0h0cjg0bHg3ZG9qTGVMVlJwV1ZiUHBKWUJ2KzJ0bFc2Umt1VzkwMTRuYjBWYW8rNWkKRnVSdFUyRWI1ZG4vdFVVcHd3T1M0VDBSaEFjb0dQbFNkeVpIUDJjcTcvK0IzUlBReklNaEFoN2Z5TlNGWCtjOQpSMC9WVVJGUWU5dmx1UTZYWTA2YmYvK0pGRzRjd0VnMlFhNmlsWG05bGNRTkEwUzhWSzJ3VCtlNENVelAzakh2CkdtVHB1Wk1LUWNXMnZ6VzBHMTZ2UVlCeXBsdU9lb0czb1d3ckdjUEpDY3JReUpXRkNGQWpYY20wTEFWWGdqSWMKcmFaMzFtTXVzVWtmNi9YdWhDZkhpY2o0OHpXVlk1Unlwd0ZtWm50TzVra0wzeDdlK1Viajhpb1g0eXRxQWsweQphWERiU2R2V2RKR3J0Q01FZ1R1d3Y2dCtwR05YQWdNQkFBR2pXVEJYTUE0R0ExVWREd0VCL3dRRUF3SUNwREFQCkJnTlZIUk1CQWY4RUJUQURBUUgvTUIwR0ExVWREZ1FXQkJTMGVKKzRuVnY0Q0ZObzR6K202NWs0eUZZMjVEQVYKQmdOVkhSRUVEakFNZ2dwcmRXSmxjbTVsZEdWek1BMEdDU3FHU0liM0RRRUJDd1VBQTRJQkFRQWVRMGZ1L3lSdwpKVS9LOENwalVycm0yMzl5ZjhFbldkb25kY0F1THFnZjVwVDl6UGFjckMrUzhNS21oMXpEVlJUaHNWSGxGWVlNClJrZjFsWkhUdE5UbkYvUTgxN2FGUWVrNGpSMy9xWEdkeitnZXVWZldLRXNBMHJvZ004aXZ4U09wYm9IZnlxeXMKZllLZnFXMEF0THFwS0dLbTlMVXZCRmxyZUhSYW4rQVlicWZmakhPWHdHRC95MWhzNDF0eEhjSDczUHMxT0NRNwp2TWtXejVDM2p1WlF3TjFqUFl5NFFNUWEvUnBLTlZ6S2JOY1RZU1lZY1dZdTY1bXFIYnl1UnRHS29mVHpIREZICnVoMDBqWlgzTk5nTFhQSmNoR0JHTHBmRjRLMGlWcEk3RTFKYThzYXpDNkRrSmV3NE1HK0ZkSFpuQWhhSFpYM3gKMWFDN1hCQnhBTGltCi0tLS0tRU5EIENFUlRJRklDQVRFLS0tLS0K"
              }
            ],
            "cluster_id": null,
            "created_at": "2024-08-04 12:08:56.269 +0000 UTC",
            "enabled_cluster_log_types": null,
            "encryption_config": [],
            "endpoint": "https://D25EB530A1E806CC77E7262DAE1573F5.yl4.us-east-2.eks.amazonaws.com",
            "id": "team2-cluster",
            "identity": [
              {
                "oidc": [
                  {
                    "issuer": "https://oidc.eks.us-east-2.amazonaws.com/id/D25EB530A1E806CC77E7262DAE1573F5"
                  }
                ]
              }
            ],
            "kubernetes_network_config": [
              {
                "ip_family": "ipv4",
                "service_ipv4_cidr": "172.20.0.0/16",
                "service_ipv6_cidr": ""
              }
            ],
            "name": "team2-cluster",
            "outpost_config": [],
            "platform_version": "eks.5",
            "role_arn": "arn:aws:iam::637423483309:role/team2-eks-role",
            "status": "ACTIVE",
            "tags": {
              "Name": "team2-cluster"
            },
            "tags_all": {
              "Name": "team2-cluster"
            },
            "timeouts": null,
            "upgrade_policy": [
              {
                "support_type": "EXTENDED"
              }
            ],
            "version": "1.30",
            "vpc_config": [
              {
                "cluster_security_group_id": "sg-07a5d39b22ea68bca",
                "endpoint_private_access": false,
                "endpoint_public_access": true,
                "public_access_cidrs": [
                  "0.0.0.0/0"
                ],
                "security_group_ids": null,
                "subnet_ids": [
                  "subnet-061340b314d80b9e9",
                  "subnet-0888d5349c9dec92a"
                ],
                "vpc_id": "vpc-0b2f39e9c8da6437a"
              }
            ]
          },
          "sensitive_attributes": [],
          "private": "eyJlMmJmYjczMC1lY2FhLTExZTYtOGY4OC0zNDM2M2JjN2M0YzAiOnsiY3JlYXRlIjoxODAwMDAwMDAwMDAwLCJkZWxldGUiOjkwMDAwMDAwMDAwMCwidXBkYXRlIjozNjAwMDAwMDAwMDAwfSwic2NoZW1hX3ZlcnNpb24iOiIxIn0=",
          "dependencies": [
            "aws_iam_role.team2_eks_role",
            "aws_subnet.team2_private_subnet",
            "aws_subnet.team2_public_subnet",
            "aws_vpc.team2_vpc"
          ]
        }
      ]
    },
    {
      "mode": "managed",
      "type": "aws_eks_node_group",
      "name": "team2_node_group",
      "provider": "provider[\"registry.terraform.io/hashicorp/aws\"]",
      "instances": [
        {
          "schema_version": 0,
          "attributes": {
            "ami_type": "AL2023_x86_64_STANDARD",
            "arn": "arn:aws:eks:us-east-2:637423483309:nodegroup/team2-cluster/team2-node-group/bac88ea9-0c6c-4a16-6a42-2562042697c7",
            "capacity_type": "ON_DEMAND",
            "cluster_name": "team2-cluster",
            "disk_size": 20,
            "force_update_version": null,
            "id": "team2-cluster:team2-node-group",
            "instance_types": [
              "t3.eyJlMmJmYjczMC1lY2FhLTExZTYtOGY4OC0zNDM2M2JjN2M0YzAiOnsiY3JlYXRlIjo2MDAwMDAwMDAwMDAsImRlbGV0ZSI6MTIwMDAwMDAwMDAwMH0sInNjaGVtYV92ZXJzaW9uIjoiMSJ9"
            ],
            "labels": null,
            "launch_template": [],
            "node_group_name": "team2-node-group",
            "node_group_name_prefix": "",
            "node_role_arn": "arn:aws:iam::637423483309:role/team2-node-role",
            "release_version": "1.30.2-20240729",
            "remote_access": [],
            "resources": [
              {
                "autoscaling_groups": [
                  {
                    "name": "eks-team2-node-group-bac88ea9-0c6c-4a16-6a42-2562042697c7"
                  }
                ],
                "remote_access_security_group_id": ""
              }
            ],
            "scaling_config": [
              {
                "desired_size": 1,
                "max_size": 2,
                "min_size": 1
              }
            ],
            "status": "ACTIVE",
            "subnet_ids": [
              "subnet-061340b314d80b9e9",
              "subnet-0888d5349c9dec92a"
            ],
            "tags": {
              "Name": "team2-node-group"
            },
            "tags_all": {
              "Name": "team2-node-group"
            },
            "taint": [],
            "timeouts": null,
            "update_config": [
              {
                "max_unavailable": 1,
                "max_unavailable_percentage": 0
              }
            ],
            "version": "1.30"
          },
          "sensitive_attributes": [],
          "private": "eyJlMmJmYjczMC1lY2FhLTExZTYtOGY4OC0zNDM2M2JjN2M0YzAiOnsiY3JlYXRlIjozNjAwMDAwMDAwMDAwLCJkZWxldGUiOjM2MDAwMDAwMDAwMDAsInVwZGF0ZSI6MzYwMDAwMDAwMDAwMH19",
          "dependencies": [
            "aws_eks_cluster.team2_cluster",
            "aws_iam_role.team2_eks_role",
            "aws_iam_role.team2_node_role",
            "aws_subnet.team2_private_subnet",
            "aws_subnet.team2_public_subnet",
            "aws_vpc.team2_vpc"
          ]
        }
      ]
    },
    {
      "mode": "managed",
      "type": "aws_iam_role",
      "name": "team2_eks_role",
      "provider": "provider[\"registry.terraform.io/hashicorp/aws\"]",
      "instances": [
        {
          "schema_version": 0,
          "attributes": {
            "arn": "arn:aws:iam::637423483309:role/team2-eks-role",
            "assume_role_policy": "{\"Statement\":[{\"Action\":\"sts:AssumeRole\",\"Effect\":\"Allow\",\"Principal\":{\"Service\":\"eks.amazonaws.com\"}}],\"Version\":\"2012-10-17\"}",
            "create_date": "2024-08-04T12:08:29Z",
            "description": "",
            "force_detach_policies": false,
            "id": "team2-eks-role",
            "inline_policy": [],
            "managed_policy_arns": [],
            "max_session_duration": 3600,
            "name": "team2-eks-role",
            "name_prefix": "",
            "path": "/",
            "permissions_boundary": "",
            "tags": {
              "Name": "team2-eks-role"
            },
            "tags_all": {
              "Name": "team2-eks-role"
            },
            "unique_id": "AROAZI2LGPGWTJKAT2BOO"
          },
          "sensitive_attributes": [],
          "private": "bnVsbA=="
        }
      ]
    },
    {
      "mode": "managed",
      "type": "aws_iam_role",
      "name": "team2_node_role",
      "provider": "provider[\"registry.terraform.io/hashicorp/aws\"]",
      "instances": [
        {
          "schema_version": 0,
          "attributes": {
            "arn": "arn:aws:iam::637423483309:role/team2-node-role",
            "assume_role_policy": "{\"Statement\":[{\"Action\":\"sts:AssumeRole\",\"Effect\":\"Allow\",\"Principal\":{\"Service\":\"ec2.amazonaws.com\"}}],\"Version\":\"2012-10-17\"}",
            "create_date": "2024-08-04T12:08:29Z",
            "description": "",
            "force_detach_policies": false,
            "id": "team2-node-role",
            "inline_policy": [],
            "managed_policy_arns": [],
            "max_session_duration": 3600,
            "name": "team2-node-role",
            "name_prefix": "",
            "path": "/",
            "permissions_boundary": "",
            "tags": {
              "Name": "team2-node-role"
            },
            "tags_all": {
              "Name": "team2-node-role"
            },
            "unique_id": "AROAZI2LGPGW7TDJMZZO6"
          },
          "sensitive_attributes": [],
          "private": "bnVsbA=="
        }
      ]
    },
    {
      "mode": "managed",
      "type": "aws_iam_role_policy_attachment",
      "name": "ec2_full_access_policy",
      "provider": "provider[\"registry.terraform.io/hashicorp/aws\"]",
      "instances": [
        {
          "schema_version": 0,
          "attributes": {
            "id": "team2-node-role-20240804120828802300000009",
            "policy_arn": "arn:aws:iam::aws:policy/AmazonEC2FullAccess",
            "role": "team2-node-role"
          },
          "sensitive_attributes": [],
          "private": "bnVsbA==",
          "dependencies": [
            "aws_iam_role.team2_node_role"
          ]
        }
      ]
    },
    {
      "mode": "managed",
      "type": "aws_iam_role_policy_attachment",
      "name": "ecr_read_only_policy",
      "provider": "provider[\"registry.terraform.io/hashicorp/aws\"]",
      "instances": [
        {
          "schema_version": 0,
          "attributes": {
            "id": "team2-eks-role-20240804120828567100000004",
            "policy_arn": "arn:aws:iam::aws:policy/AmazonEC2ContainerRegistryReadOnly",
            "role": "team2-eks-role"
          },
          "sensitive_attributes": [],
          "private": "bnVsbA==",
          "dependencies": [
            "aws_iam_role.team2_eks_role"
          ]
        }
      ]
    },
    {
      "mode": "managed",
      "type": "aws_iam_role_policy_attachment",
      "name": "eks_cluster_policy",
      "provider": "provider[\"registry.terraform.io/hashicorp/aws\"]",
      "instances": [
        {
          "schema_version": 0,
          "attributes": {
            "id": "team2-eks-role-20240804120828358200000001",
            "policy_arn": "arn:aws:iam::aws:policy/AmazonEKSClusterPolicy",
            "role": "team2-eks-role"
          },
          "sensitive_attributes": [],
          "private": "bnVsbA==",
          "dependencies": [
            "aws_iam_role.team2_eks_role"
          ]
        }
      ]
    },
    {
      "mode": "managed",
      "type": "aws_iam_role_policy_attachment",
      "name": "eks_cni_policy",
      "provider": "provider[\"registry.terraform.io/hashicorp/aws\"]",
      "instances": [
        {
          "schema_version": 0,
          "attributes": {
            "id": "team2-eks-role-20240804120828373600000003",
            "policy_arn": "arn:aws:iam::aws:policy/AmazonEKS_CNI_Policy",
            "role": "team2-eks-role"
          },
          "sensitive_attributes": [],
          "private": "bnVsbA==",
          "dependencies": [
            "aws_iam_role.team2_eks_role"
          ]
        }
      ]
    },
    {
      "mode": "managed",
      "type": "aws_iam_role_policy_attachment",
      "name": "eks_service_policy",
      "provider": "provider[\"registry.terraform.io/hashicorp/aws\"]",
      "instances": [
        {
          "schema_version": 0,
          "attributes": {
            "id": "team2-eks-role-20240804120828574800000005",
            "policy_arn": "arn:aws:iam::aws:policy/AmazonEKSServicePolicy",
            "role": "team2-eks-role"
          },
          "sensitive_attributes": [],
          "private": "bnVsbA==",
          "dependencies": [
            "aws_iam_role.team2_eks_role"
          ]
        }
      ]
    },
    {
      "mode": "managed",
      "type": "aws_iam_role_policy_attachment",
      "name": "node_ecr_read_only_policy",
      "provider": "provider[\"registry.terraform.io/hashicorp/aws\"]",
      "instances": [
        {
          "schema_version": 0,
          "attributes": {
            "id": "team2-node-role-20240804120828789400000007",
            "policy_arn": "arn:aws:iam::aws:policy/AmazonEC2ContainerRegistryReadOnly",
            "role": "team2-node-role"
          },
          "sensitive_attributes": [],
          "private": "bnVsbA==",
          "dependencies": [
            "aws_iam_role.team2_node_role"
          ]
        }
      ]
    },
    {
      "mode": "managed",
      "type": "aws_iam_role_policy_attachment",
      "name": "node_eks_cni_policy",
      "provider": "provider[\"registry.terraform.io/hashicorp/aws\"]",
      "instances": [
        {
          "schema_version": 0,
          "attributes": {
            "id": "team2-node-role-20240804120828802300000008",
            "policy_arn": "arn:aws:iam::aws:policy/AmazonEKS_CNI_Policy",
            "role": "team2-node-role"
          },
          "sensitive_attributes": [],
          "private": "bnVsbA==",
          "dependencies": [
            "aws_iam_role.team2_node_role"
          ]
        }
      ]
    },
    {
      "mode": "managed",
      "type": "aws_iam_role_policy_attachment",
      "name": "team2_node_policy_attachment",
      "provider": "provider[\"registry.terraform.io/hashicorp/aws\"]",
      "instances": [
        {
          "schema_version": 0,
          "attributes": {
            "id": "team2-node-role-20240804120828627300000006",
            "policy_arn": "arn:aws:iam::aws:policy/AmazonEKSWorkerNodePolicy",
            "role": "team2-node-role"
          },
          "sensitive_attributes": [],
          "private": "bnVsbA==",
          "dependencies": [
            "aws_iam_role.team2_node_role"
          ]
        }
      ]
    },
    {
      "mode": "managed",
      "type": "aws_iam_role_policy_attachment",
      "name": "team2_vpc_policy_attachment",
      "provider": "provider[\"registry.terraform.io/hashicorp/aws\"]",
      "instances": [
        {
          "schema_version": 0,
          "attributes": {
            "id": "team2-eks-role-20240804120828359300000002",
            "policy_arn": "arn:aws:iam::aws:policy/AmazonEKSVPCResourceController",
            "role": "team2-eks-role"
          },
          "sensitive_attributes": [],
          "private": "bnVsbA==",
          "dependencies": [
            "aws_iam_role.team2_eks_role"
          ]
        }
      ]
    },
    {
      "mode": "managed",
      "type": "aws_internet_gateway",
      "name": "team2_igw",
      "provider": "provider[\"registry.terraform.io/hashicorp/aws\"]",
      "instances": [
        {
          "schema_version": 0,
          "attributes": {
            "arn": "arn:aws:ec2:us-east-2:637423483309:internet-gateway/igw-0bf83013cabd5e954",
            "id": "igw-0bf83013cabd5e954",
            "owner_id": "637423483309",
            "tags": {
              "Name": "team2-igw"
            },
            "tags_all": {
              "Name": "team2-igw"
            },
            "timeouts": null,
            "vpc_id": "vpc-0b2f39e9c8da6437a"
          },
          "sensitive_attributes": [],
          "private": "eyJlMmJmYjczMC1lY2FhLTExZTYtOGY4OC0zNDM2M2JjN2M0YzAiOnsiY3JlYXRlIjoxMjAwMDAwMDAwMDAwLCJkZWxldGUiOjEyMDAwMDAwMDAwMDAsInVwZGF0ZSI6MTIwMDAwMDAwMDAwMH19",
          "dependencies": [
            "aws_vpc.team2_vpc"
          ]
        }
      ]
    },
    {
      "mode": "managed",
      "type": "aws_nat_gateway",
      "name": "team2_nat_gateway",
      "provider": "provider[\"registry.terraform.io/hashicorp/aws\"]",
      "instances": [
        {
          "schema_version": 0,
          "attributes": {
            "allocation_id": "eipalloc-00102f3d8557f3bd9",
            "association_id": "eipassoc-0673dfec647fcc0b7",
            "connectivity_type": "public",
            "id": "nat-084861e8dbdefde41",
            "network_interface_id": "eni-09d2db4ef42d5d462",
            "private_ip": "10.0.1.94",
            "public_ip": "3.128.174.252",
            "secondary_allocation_ids": null,
            "secondary_private_ip_address_count": 0,
            "secondary_private_ip_addresses": [],
            "subnet_id": "subnet-0888d5349c9dec92a",
            "tags": {
              "Name": "team2-nat-gateway"
            },
            "tags_all": {
              "Name": "team2-nat-gateway"
            },
            "timeouts": null
          },
          "sensitive_attributes": [],
          "private": "eyJlMmJmYjczMC1lY2FhLTExZTYtOGY4OC0zNDM2M2JjN2M0YzAiOnsiY3JlYXRlIjo2MDAwMDAwMDAwMDAsImRlbGV0ZSI6MTgwMDAwMDAwMDAwMCwidXBkYXRlIjo2MDAwMDAwMDAwMDB9fQ==",
          "dependencies": [
            "aws_eip.team2_eip",
            "aws_subnet.team2_public_subnet",
            "aws_vpc.team2_vpc"
          ]
        }
      ]
    },
    {
      "mode": "managed",
      "type": "aws_route_table",
      "name": "team2_private_rt",
      "provider": "provider[\"registry.terraform.io/hashicorp/aws\"]",
      "instances": [
        {
          "schema_version": 0,
          "attributes": {
            "arn": "arn:aws:ec2:us-east-2:637423483309:route-table/rtb-0ec5e0f215f604935",
            "id": "rtb-0ec5e0f215f604935",
            "owner_id": "637423483309",
            "propagating_vgws": [],
            "route": [
              {
                "carrier_gateway_id": "",
                "cidr_block": "0.0.0.0/0",
                "core_network_arn": "",
                "destination_prefix_list_id": "",
                "egress_only_gateway_id": "",
                "gateway_id": "",
                "ipv6_cidr_block": "",
                "local_gateway_id": "",
                "nat_gateway_id": "nat-084861e8dbdefde41",
                "network_interface_id": "",
                "transit_gateway_id": "",
                "vpc_endpoint_id": "",
                "vpc_peering_connection_id": ""
              }
            ],
            "tags": {
              "Name": "team2-private-rt"
            },
            "tags_all": {
              "Name": "team2-private-rt"
            },
            "timeouts": null,
            "vpc_id": "vpc-0b2f39e9c8da6437a"
          },
          "sensitive_attributes": [],
          "private": "eyJlMmJmYjczMC1lY2FhLTExZTYtOGY4OC0zNDM2M2JjN2M0YzAiOnsiY3JlYXRlIjozMDAwMDAwMDAwMDAsImRlbGV0ZSI6MzAwMDAwMDAwMDAwLCJ1cGRhdGUiOjEyMDAwMDAwMDAwMH19",
          "dependencies": [
            "aws_eip.team2_eip",
            "aws_nat_gateway.team2_nat_gateway",
            "aws_subnet.team2_public_subnet",
            "aws_vpc.team2_vpc"
          ]
        }
      ]
    },
    {
      "mode": "managed",
      "type": "aws_route_table",
      "name": "team2_public_rt",
      "provider": "provider[\"registry.terraform.io/hashicorp/aws\"]",
      "instances": [
        {
          "schema_version": 0,
          "attributes": {
            "arn": "arn:aws:ec2:us-east-2:637423483309:route-table/rtb-0ca0117101747f4bc",
            "id": "rtb-0ca0117101747f4bc",
            "owner_id": "637423483309",
            "propagating_vgws": [],
            "route": [
              {
                "carrier_gateway_id": "",
                "cidr_block": "0.0.0.0/0",
                "core_network_arn": "",
                "destination_prefix_list_id": "",
                "egress_only_gateway_id": "",
                "gateway_id": "igw-0bf83013cabd5e954",
                "ipv6_cidr_block": "",
                "local_gateway_id": "",
                "nat_gateway_id": "",
                "network_interface_id": "",
                "transit_gateway_id": "",
                "vpc_endpoint_id": "",
                "vpc_peering_connection_id": ""
              }
            ],
            "tags": {
              "Name": "team2-public-rt"
            },
            "tags_all": {
              "Name": "team2-public-rt"
            },
            "timeouts": null,
            "vpc_id": "vpc-0b2f39e9c8da6437a"
          },
          "sensitive_attributes": [],
          "private": "eyJlMmJmYjczMC1lY2FhLTExZTYtOGY4OC0zNDM2M2JjN2M0YzAiOnsiY3JlYXRlIjozMDAwMDAwMDAwMDAsImRlbGV0ZSI6MzAwMDAwMDAwMDAwLCJ1cGRhdGUiOjEyMDAwMDAwMDAwMH19",
          "dependencies": [
            "aws_internet_gateway.team2_igw",
            "aws_vpc.team2_vpc"
          ]
        }
      ]
    },
    {
      "mode": "managed",
      "type": "aws_route_table_association",
      "name": "team2_private_rt_assoc",
      "provider": "provider[\"registry.terraform.io/hashicorp/aws\"]",
      "instances": [
        {
          "schema_version": 0,
          "attributes": {
            "gateway_id": "",
            "id": "rtbassoc-015a13ea1d1468e68",
            "route_table_id": "rtb-0ec5e0f215f604935",
            "subnet_id": "subnet-061340b314d80b9e9",
            "timeouts": null
          },
          "sensitive_attributes": [],
          "private": "eyJlMmJmYjczMC1lY2FhLTExZTYtOGY4OC0zNDM2M2JjN2M0YzAiOnsiY3JlYXRlIjozMDAwMDAwMDAwMDAsImRlbGV0ZSI6MzAwMDAwMDAwMDAwLCJ1cGRhdGUiOjEyMDAwMDAwMDAwMH19",
          "dependencies": [
            "aws_eip.team2_eip",
            "aws_nat_gateway.team2_nat_gateway",
            "aws_route_table.team2_private_rt",
            "aws_subnet.team2_private_subnet",
            "aws_subnet.team2_public_subnet",
            "aws_vpc.team2_vpc"
          ]
        }
      ]
    },
    {
      "mode": "managed",
      "type": "aws_route_table_association",
      "name": "team2_public_rt_assoc",
      "provider": "provider[\"registry.terraform.io/hashicorp/aws\"]",
      "instances": [
        {
          "schema_version": 0,
          "attributes": {
            "gateway_id": "",
            "id": "rtbassoc-008c04afcc3f21c07",
            "route_table_id": "rtb-0ca0117101747f4bc",
            "subnet_id": "subnet-0888d5349c9dec92a",
            "timeouts": null
          },
          "sensitive_attributes": [],
          "private": "eyJlMmJmYjczMC1lY2FhLTExZTYtOGY4OC0zNDM2M2JjN2M0YzAiOnsiY3JlYXRlIjozMDAwMDAwMDAwMDAsImRlbGV0ZSI6MzAwMDAwMDAwMDAwLCJ1cGRhdGUiOjEyMDAwMDAwMDAwMH19",
          "dependencies": [
            "aws_internet_gateway.team2_igw",
            "aws_route_table.team2_public_rt",
            "aws_subnet.team2_public_subnet",
            "aws_vpc.team2_vpc"
          ]
        }
      ]
    },
    {
      "mode": "managed",
      "type": "aws_security_group",
      "name": "eks_nodes_sg",
      "provider": "provider[\"registry.terraform.io/hashicorp/aws\"]",
      "instances": [
        {
          "schema_version": 1,
          "attributes": {
            "arn": "arn:aws:ec2:us-east-2:637423483309:security-group/sg-0b5ea4f0cb876d40f",
            "description": "Managed by Terraform",
            "egress": [
              {
                "cidr_blocks": [
                  "0.0.0.0/0"
                ],
                "description": "Allow all outbound traffic",
                "from_port": 0,
                "ipv6_cidr_blocks": [],
                "prefix_list_ids": [],
                "protocol": "-1",
                "security_groups": [],
                "self": false,
                "to_port": 0
              }
            ],
            "id": "sg-0b5ea4f0cb876d40f",
            "ingress": [
              {
                "cidr_blocks": [
                  "0.0.0.0/0"
                ],
                "description": "",
                "from_port": 80,
                "ipv6_cidr_blocks": [],
                "prefix_list_ids": [],
                "protocol": "tcp",
                "security_groups": [],
                "self": false,
                "to_port": 80
              }
            ],
            "name": "terraform-2024080412083995890000000a",
            "name_prefix": "terraform-",
            "owner_id": "637423483309",
            "revoke_rules_on_delete": false,
            "tags": {
              "Name": "eks-nodes-sg"
            },
            "tags_all": {
              "Name": "eks-nodes-sg"
            },
            "timeouts": null,
            "vpc_id": "vpc-0b2f39e9c8da6437a"
          },
          "sensitive_attributes": [],
          "private": "eyJlMmJmYjczMC1lY2FhLTExZTYtOGY4OC0zNDM2M2JjN2M0YzAiOnsiY3JlYXRlIjo2MDAwMDAwMDAwMDAsImRlbGV0ZSI6OTAwMDAwMDAwMDAwfSwic2NoZW1hX3ZlcnNpb24iOiIxIn0=",
          "dependencies": [
            "aws_vpc.team2_vpc"
          ]
        }
      ]
    },
    {
      "mode": "managed",
      "type": "aws_subnet",
      "name": "team2_private_subnet",
      "provider": "provider[\"registry.terraform.io/hashicorp/aws\"]",
      "instances": [
        {
          "schema_version": 1,
          "attributes": {
            "arn": "arn:aws:ec2:us-east-2:637423483309:subnet/subnet-061340b314d80b9e9",
            "assign_ipv6_address_on_creation": false,
            "availability_zone": "us-east-2c",
            "availability_zone_id": "use2-az3",
            "cidr_block": "10.0.2.0/24",
            "customer_owned_ipv4_pool": "",
            "enable_dns64": false,
            "enable_lni_at_device_index": 0,
            "enable_resource_name_dns_a_record_on_launch": false,
            "enable_resource_name_dns_aaaa_record_on_launch": false,
            "id": "subnet-061340b314d80b9e9",
            "ipv6_cidr_block": "",
            "ipv6_cidr_block_association_id": "",
            "ipv6_native": false,
            "map_customer_owned_ip_on_launch": false,
            "map_public_ip_on_launch": false,
            "outpost_arn": "",
            "owner_id": "637423483309",
            "private_dns_hostname_type_on_launch": "ip-name",
            "tags": {
              "Name": "team2-private-subnet"
            },
            "tags_all": {
              "Name": "team2-private-subnet"
            },
            "timeouts": null,
            "vpc_id": "vpc-0b2f39e9c8da6437a"
          },
          "sensitive_attributes": [],
          "private": "eyJlMmJmYjczMC1lY2FhLTExZTYtOGY4OC0zNDM2M2JjN2M0YzAiOnsiY3JlYXRlIjo2MDAwMDAwMDAwMDAsImRlbGV0ZSI6MTIwMDAwMDAwMDAwMH0sInNjaGVtYV92ZXJzaW9uIjoiMSJ9",
          "dependencies": [
            "aws_vpc.team2_vpc"
          ]
        }
      ]
    },
    {
      "mode": "managed",
      "type": "aws_subnet",
      "name": "team2_public_subnet",
      "provider": "provider[\"registry.terraform.io/hashicorp/aws\"]",
      "instances": [
        {
          "schema_version": 1,
          "attributes": {
            "arn": "arn:aws:ec2:us-east-2:637423483309:subnet/subnet-0888d5349c9dec92a",
            "assign_ipv6_address_on_creation": false,
            "availability_zone": "us-east-2a",
            "availability_zone_id": "use2-az1",
            "cidr_block": "10.0.1.0/24",
            "customer_owned_ipv4_pool": "",
            "enable_dns64": false,
            "enable_lni_at_device_index": 0,
            "enable_resource_name_dns_a_record_on_launch": false,
            "enable_resource_name_dns_aaaa_record_on_launch": false,
            "id": "subnet-0888d5349c9dec92a",
            "ipv6_cidr_block": "",
            "ipv6_cidr_block_association_id": "",
            "ipv6_native": false,
            "map_customer_owned_ip_on_launch": false,
            "map_public_ip_on_launch": true,
            "outpost_arn": "",
            "owner_id": "637423483309",
            "private_dns_hostname_type_on_launch": "ip-name",
            "tags": {
              "Name": "team2-public-subnet"
            },
            "tags_all": {
              "Name": "team2-public-subnet"
            },
            "timeouts": null,
            "vpc_id": "vpc-0b2f39e9c8da6437a"
          },
          "sensitive_attributes": [],
          "private": "eyJlMmJmYjczMC1lY2FhLTExZTYtOGY4OC0zNDM2M2JjN2M0YzAiOnsiY3JlYXRlIjo2MDAwMDAwMDAwMDAsImRlbGV0ZSI6MTIwMDAwMDAwMDAwMH0sInNjaGVtYV92ZXJzaW9uIjoiMSJ9",
          "dependencies": [
            "aws_vpc.team2_vpc"
          ]
        }
      ]
    },
    {
      "mode": "managed",
      "type": "aws_vpc",
      "name": "team2_vpc",
      "provider": "provider[\"registry.terraform.io/hashicorp/aws\"]",
      "instances": [
        {
          "schema_version": 1,
          "attributes": {
            "arn": "arn:aws:ec2:us-east-2:637423483309:vpc/vpc-0b2f39e9c8da6437a",
            "assign_generated_ipv6_cidr_block": false,
            "cidr_block": "10.0.0.0/16",
            "default_network_acl_id": "acl-047727d1533432d55",
            "default_route_table_id": "rtb-0e469aa9257f9dac1",
            "default_security_group_id": "sg-0f0a78b411570932f",
            "dhcp_options_id": "dopt-0ec710bdd490c23a4",
            "enable_dns_hostnames": true,
            "enable_dns_support": true,
            "enable_network_address_usage_metrics": false,
            "id": "vpc-0b2f39e9c8da6437a",
            "instance_tenancy": "default",
            "ipv4_ipam_pool_id": null,
            "ipv4_netmask_length": null,
            "ipv6_association_id": "",
            "ipv6_cidr_block": "",
            "ipv6_cidr_block_network_border_group": "",
            "ipv6_ipam_pool_id": "",
            "ipv6_netmask_length": 0,
            "main_route_table_id": "rtb-0e469aa9257f9dac1",
            "owner_id": "637423483309",
            "tags": {
              "Name": "team2-vpc"
            },
            "tags_all": {
              "Name": "team2-vpc"
            }
          },
          "sensitive_attributes": [],
          "private": "eyJzY2hlbWFfdmVyc2lvbiI6IjEifQ=="
        }
      ]
    }
  ],
  "check_results": null
}
